
Microsoft Visual Studio Solution File, Format Version 12.00
# Visual Studio Version 17
VisualStudioVersion = 17.0.31903.59
MinimumVisualStudioVersion = 10.0.40219.1
Project("{2150E333-8FDC-42A3-9474-1A3956D46DE8}") = "src", "src", "{8D592E3A-EFC5-4BAD-A341-80BB922A3CA9}"
EndProject
Project("{2150E333-8FDC-42A3-9474-1A3956D46DE8}") = "Core", "Core", "{06F852B2-DC0E-4A9C-A3E3-BE4E2CD97971}"
EndProject
Project("{2150E333-8FDC-42A3-9474-1A3956D46DE8}") = "Domain", "Domain", "{A87778ED-8D02-479C-8D12-C8355A4966E7}"
EndProject
Project("{FAE04EC0-301F-11D3-BF4B-00C04F79EFBC}") = "ECommerce.Domain", "src\Core\Domain\ECommerce.Domain\ECommerce.Domain.csproj", "{EBAFB2A5-AD61-4F21-AFAD-EC6B5CA642F6}"
EndProject
Project("{2150E333-8FDC-42A3-9474-1A3956D46DE8}") = "Application", "Application", "{046153F9-A9FE-48BF-9FD6-5EEB5B1AEDF8}"
EndProject
Project("{FAE04EC0-301F-11D3-BF4B-00C04F79EFBC}") = "ECommerce.Application", "src\Core\Application\ECommerce.Application\ECommerce.Application.csproj", "{11D46553-69C2-47FC-9BF3-CD89930FE47D}"
EndProject
Project("{2150E333-8FDC-42A3-9474-1A3956D46DE8}") = "Infrastructure", "Infrastructure", "{263534A4-FB6F-4128-A0EA-23BB100111F3}"
EndProject
Project("{2150E333-8FDC-42A3-9474-1A3956D46DE8}") = "Persistence", "Persistence", "{F21BEA32-EC7A-45EB-8C9C-914284DD1CD9}"
EndProject
Project("{FAE04EC0-301F-11D3-BF4B-00C04F79EFBC}") = "ECommerce.Persistence", "src\Infrastructure\Persistence\ECommerce.Persistence\ECommerce.Persistence.csproj", "{85B8DC3C-BB37-4E09-AE4C-D31F7DC960AE}"
EndProject
Project("{2150E333-8FDC-42A3-9474-1A3956D46DE8}") = "Infrastructure", "Infrastructure", "{A239615D-EA3B-4446-8C7F-76DE75398E84}"
EndProject
Project("{FAE04EC0-301F-11D3-BF4B-00C04F79EFBC}") = "ECommerce.Infrastructure", "src\Infrastructure\Infrastructure\ECommerce.Infrastructure\ECommerce.Infrastructure.csproj", "{4487E1DA-E62C-4E0A-ACC0-B3B852FF500A}"
EndProject
Project("{2150E333-8FDC-42A3-9474-1A3956D46DE8}") = "Presentation", "Presentation", "{9B280A8A-B051-4BB9-9255-22996B5888A5}"
EndProject
Project("{2150E333-8FDC-42A3-9474-1A3956D46DE8}") = "API", "API", "{A241C64E-16AC-4ED8-98B7-12B93983920D}"
EndProject
Project("{FAE04EC0-301F-11D3-BF4B-00C04F79EFBC}") = "ECommerce.API", "src\Presentation\API\ECommerce.API\ECommerce.API.csproj", "{E80EB6CD-5D72-482D-B223-7333FA0D607A}"
EndProject
Global
	GlobalSection(SolutionConfigurationPlatforms) = preSolution
		Debug|Any CPU = Debug|Any CPU
		Release|Any CPU = Release|Any CPU
	EndGlobalSection
	GlobalSection(SolutionProperties) = preSolution
		HideSolutionNode = FALSE
	EndGlobalSection
	GlobalSection(ProjectConfigurationPlatforms) = postSolution
		{EBAFB2A5-AD61-4F21-AFAD-EC6B5CA642F6}.Debug|Any CPU.ActiveCfg = Debug|Any CPU
		{EBAFB2A5-AD61-4F21-AFAD-EC6B5CA642F6}.Debug|Any CPU.Build.0 = Debug|Any CPU
		{EBAFB2A5-AD61-4F21-AFAD-EC6B5CA642F6}.Release|Any CPU.ActiveCfg = Release|Any CPU
		{EBAFB2A5-AD61-4F21-AFAD-EC6B5CA642F6}.Release|Any CPU.Build.0 = Release|Any CPU
		{11D46553-69C2-47FC-9BF3-CD89930FE47D}.Debug|Any CPU.ActiveCfg = Debug|Any CPU
		{11D46553-69C2-47FC-9BF3-CD89930FE47D}.Debug|Any CPU.Build.0 = Debug|Any CPU
		{11D46553-69C2-47FC-9BF3-CD89930FE47D}.Release|Any CPU.ActiveCfg = Release|Any CPU
		{11D46553-69C2-47FC-9BF3-CD89930FE47D}.Release|Any CPU.Build.0 = Release|Any CPU
		{85B8DC3C-BB37-4E09-AE4C-D31F7DC960AE}.Debug|Any CPU.ActiveCfg = Debug|Any CPU
		{85B8DC3C-BB37-4E09-AE4C-D31F7DC960AE}.Debug|Any CPU.Build.0 = Debug|Any CPU
		{85B8DC3C-BB37-4E09-AE4C-D31F7DC960AE}.Release|Any CPU.ActiveCfg = Release|Any CPU
		{85B8DC3C-BB37-4E09-AE4C-D31F7DC960AE}.Release|Any CPU.Build.0 = Release|Any CPU
		{4487E1DA-E62C-4E0A-ACC0-B3B852FF500A}.Debug|Any CPU.ActiveCfg = Debug|Any CPU
		{4487E1DA-E62C-4E0A-ACC0-B3B852FF500A}.Debug|Any CPU.Build.0 = Debug|Any CPU
		{4487E1DA-E62C-4E0A-ACC0-B3B852FF500A}.Release|Any CPU.ActiveCfg = Release|Any CPU
		{4487E1DA-E62C-4E0A-ACC0-B3B852FF500A}.Release|Any CPU.Build.0 = Release|Any CPU
		{E80EB6CD-5D72-482D-B223-7333FA0D607A}.Debug|Any CPU.ActiveCfg = Debug|Any CPU
		{E80EB6CD-5D72-482D-B223-7333FA0D607A}.Debug|Any CPU.Build.0 = Debug|Any CPU
		{E80EB6CD-5D72-482D-B223-7333FA0D607A}.Release|Any CPU.ActiveCfg = Release|Any CPU
		{E80EB6CD-5D72-482D-B223-7333FA0D607A}.Release|Any CPU.Build.0 = Release|Any CPU
	EndGlobalSection
	GlobalSection(NestedProjects) = preSolution
		{06F852B2-DC0E-4A9C-A3E3-BE4E2CD97971} = {8D592E3A-EFC5-4BAD-A341-80BB922A3CA9}
		{A87778ED-8D02-479C-8D12-C8355A4966E7} = {06F852B2-DC0E-4A9C-A3E3-BE4E2CD97971}
		{EBAFB2A5-AD61-4F21-AFAD-EC6B5CA642F6} = {A87778ED-8D02-479C-8D12-C8355A4966E7}
		{046153F9-A9FE-48BF-9FD6-5EEB5B1AEDF8} = {06F852B2-DC0E-4A9C-A3E3-BE4E2CD97971}
		{11D46553-69C2-47FC-9BF3-CD89930FE47D} = {046153F9-A9FE-48BF-9FD6-5EEB5B1AEDF8}
		{263534A4-FB6F-4128-A0EA-23BB100111F3} = {8D592E3A-EFC5-4BAD-A341-80BB922A3CA9}
		{F21BEA32-EC7A-45EB-8C9C-914284DD1CD9} = {263534A4-FB6F-4128-A0EA-23BB100111F3}
		{85B8DC3C-BB37-4E09-AE4C-D31F7DC960AE} = {F21BEA32-EC7A-45EB-8C9C-914284DD1CD9}
		{A239615D-EA3B-4446-8C7F-76DE75398E84} = {263534A4-FB6F-4128-A0EA-23BB100111F3}
		{4487E1DA-E62C-4E0A-ACC0-B3B852FF500A} = {A239615D-EA3B-4446-8C7F-76DE75398E84}
		{9B280A8A-B051-4BB9-9255-22996B5888A5} = {8D592E3A-EFC5-4BAD-A341-80BB922A3CA9}
		{A241C64E-16AC-4ED8-98B7-12B93983920D} = {9B280A8A-B051-4BB9-9255-22996B5888A5}
		{E80EB6CD-5D72-482D-B223-7333FA0D607A} = {A241C64E-16AC-4ED8-98B7-12B93983920D}
	EndGlobalSection
EndGlobal
